
Microsoft Visual Studio Solution File, Format Version 12.00
# Visual Studio Version 17
VisualStudioVersion = 17.5.002.0
MinimumVisualStudioVersion = 10.0.40219.1
Project("{9A19103F-16F7-4668-BE54-9A1E7A4F7556}") = "MyCourse", "MyCourse.csproj", "{59545AE0-499A-45ED-8EB9-7614E7083EAA}"
EndProject
Global
	GlobalSection(SolutionConfigurationPlatforms) = preSolution
		Debug|Any CPU = Debug|Any CPU
		Release|Any CPU = Release|Any CPU
	EndGlobalSection
	GlobalSection(ProjectConfigurationPlatforms) = postSolution
		{59545AE0-499A-45ED-8EB9-7614E7083EAA}.Debug|Any CPU.ActiveCfg = Debug|Any CPU
		{59545AE0-499A-45ED-8EB9-7614E7083EAA}.Debug|Any CPU.Build.0 = Debug|Any CPU
		{59545AE0-499A-45ED-8EB9-7614E7083EAA}.Release|Any CPU.ActiveCfg = Release|Any CPU
		{59545AE0-499A-45ED-8EB9-7614E7083EAA}.Release|Any CPU.Build.0 = Release|Any CPU
	EndGlobalSection
	GlobalSection(SolutionProperties) = preSolution
		HideSolutionNode = FALSE
	EndGlobalSection
	GlobalSection(ExtensibilityGlobals) = postSolution
		SolutionGuid = {3C183FF4-EB18-4BD6-BAB9-BF716C8D13B6}
	EndGlobalSection
EndGlobal
